
Microsoft Visual Studio Solution File, Format Version 12.00
# Visual Studio Version 17
VisualStudioVersion = 17.8.34511.84
MinimumVisualStudioVersion = 10.0.40219.1
Project("{FAE04EC0-301F-11D3-BF4B-00C04F79EFBC}") = "BookStoreRest", "BookStoreRest.csproj", "{5C979A17-8404-48AA-82A6-7733D192695D}"
EndProject
Global
	GlobalSection(SolutionConfigurationPlatforms) = preSolution
		Debug|Any CPU = Debug|Any CPU
		Release|Any CPU = Release|Any CPU
	EndGlobalSection
	GlobalSection(ProjectConfigurationPlatforms) = postSolution
		{5C979A17-8404-48AA-82A6-7733D192695D}.Debug|Any CPU.ActiveCfg = Debug|Any CPU
		{5C979A17-8404-48AA-82A6-7733D192695D}.Debug|Any CPU.Build.0 = Debug|Any CPU
		{5C979A17-8404-48AA-82A6-7733D192695D}.Release|Any CPU.ActiveCfg = Release|Any CPU
		{5C979A17-8404-48AA-82A6-7733D192695D}.Release|Any CPU.Build.0 = Release|Any CPU
	EndGlobalSection
	GlobalSection(SolutionProperties) = preSolution
		HideSolutionNode = FALSE
	EndGlobalSection
	GlobalSection(ExtensibilityGlobals) = postSolution
		SolutionGuid = {7144ED0C-D62D-4F06-86AA-B9D6C84C6F90}
	EndGlobalSection
EndGlobal
